
Microsoft Visual Studio Solution File, Format Version 12.00
# Visual Studio 2013
VisualStudioVersion = 12.0.31101.0
MinimumVisualStudioVersion = 10.0.40219.1
Project("{FAE04EC0-301F-11D3-BF4B-00C04F79EFBC}") = "Cache.Aspect", "Cache.Aspect\Cache.Aspect.csproj", "{5F990781-BA6A-4C01-A1F2-DF9BD56AFEB1}"
EndProject
Project("{2150E333-8FDC-42A3-9474-1A3956D46DE8}") = ".nuget", ".nuget", "{3ABD842B-393D-4818-9893-E68B72E1E0CA}"
	ProjectSection(SolutionItems) = preProject
		.nuget\NuGet.Config = .nuget\NuGet.Config
		.nuget\NuGet.exe = .nuget\NuGet.exe
		.nuget\NuGet.targets = .nuget\NuGet.targets
	EndProjectSection
EndProject
Project("{2150E333-8FDC-42A3-9474-1A3956D46DE8}") = "Solution Items", "Solution Items", "{C6A4029D-3C95-4A9B-9099-8181076B4174}"
	ProjectSection(SolutionItems) = preProject
		README.org = README.org
	EndProjectSection
EndProject
Global
	GlobalSection(SolutionConfigurationPlatforms) = preSolution
		Debug|Any CPU = Debug|Any CPU
		Release|Any CPU = Release|Any CPU
	EndGlobalSection
	GlobalSection(ProjectConfigurationPlatforms) = postSolution
		{5F990781-BA6A-4C01-A1F2-DF9BD56AFEB1}.Debug|Any CPU.ActiveCfg = Debug|Any CPU
		{5F990781-BA6A-4C01-A1F2-DF9BD56AFEB1}.Debug|Any CPU.Build.0 = Debug|Any CPU
		{5F990781-BA6A-4C01-A1F2-DF9BD56AFEB1}.Release|Any CPU.ActiveCfg = Release|Any CPU
		{5F990781-BA6A-4C01-A1F2-DF9BD56AFEB1}.Release|Any CPU.Build.0 = Release|Any CPU
	EndGlobalSection
	GlobalSection(SolutionProperties) = preSolution
		HideSolutionNode = FALSE
	EndGlobalSection
EndGlobal
