
Microsoft Visual Studio Solution File, Format Version 12.00
# Visual Studio 14
VisualStudioVersion = 14.0.23107.0
MinimumVisualStudioVersion = 10.0.40219.1
Project("{2150E333-8FDC-42A3-9474-1A3956D46DE8}") = ".nuget", ".nuget", "{3ABD842B-393D-4818-9893-E68B72E1E0CA}"
	ProjectSection(SolutionItems) = preProject
		.nuget\NuGet.Config = .nuget\NuGet.Config
		.nuget\NuGet.exe = .nuget\NuGet.exe
		.nuget\NuGet.targets = .nuget\NuGet.targets
	EndProjectSection
EndProject
Project("{2150E333-8FDC-42A3-9474-1A3956D46DE8}") = "Solution Items", "Solution Items", "{C6A4029D-3C95-4A9B-9099-8181076B4174}"
	ProjectSection(SolutionItems) = preProject
		LICENSE.txt = LICENSE.txt
		README.md = README.md
	EndProjectSection
EndProject
Project("{FAE04EC0-301F-11D3-BF4B-00C04F79EFBC}") = "Dbsoft.Cache.Aspect", "Dbsoft.Cache.Aspect\Dbsoft.Cache.Aspect.csproj", "{5F990781-BA6A-4C01-A1F2-DF9BD56AFEB1}"
EndProject
Project("{FAE04EC0-301F-11D3-BF4B-00C04F79EFBC}") = "Dbsoft.Cache.Aspect.Core", "Dbsoft.Cache.Aspect.Core\Dbsoft.Cache.Aspect.Core.csproj", "{DB410076-9201-4651-9CBD-777E88FB2D9A}"
EndProject
Project("{FAE04EC0-301F-11D3-BF4B-00C04F79EFBC}") = "Dbsoft.Cache.Aspect.Redis", "Dbsoft.Cache.Aspect.Redis\Dbsoft.Cache.Aspect.Redis.csproj", "{DEB01303-4B90-4E66-BF51-761B1ED29C4F}"
EndProject
Global
	GlobalSection(SolutionConfigurationPlatforms) = preSolution
		Debug|Any CPU = Debug|Any CPU
		Release|Any CPU = Release|Any CPU
	EndGlobalSection
	GlobalSection(ProjectConfigurationPlatforms) = postSolution
		{5F990781-BA6A-4C01-A1F2-DF9BD56AFEB1}.Debug|Any CPU.ActiveCfg = Debug|Any CPU
		{5F990781-BA6A-4C01-A1F2-DF9BD56AFEB1}.Debug|Any CPU.Build.0 = Debug|Any CPU
		{5F990781-BA6A-4C01-A1F2-DF9BD56AFEB1}.Release|Any CPU.ActiveCfg = Release|Any CPU
		{5F990781-BA6A-4C01-A1F2-DF9BD56AFEB1}.Release|Any CPU.Build.0 = Release|Any CPU
		{DB410076-9201-4651-9CBD-777E88FB2D9A}.Debug|Any CPU.ActiveCfg = Debug|Any CPU
		{DB410076-9201-4651-9CBD-777E88FB2D9A}.Debug|Any CPU.Build.0 = Debug|Any CPU
		{DB410076-9201-4651-9CBD-777E88FB2D9A}.Release|Any CPU.ActiveCfg = Release|Any CPU
		{DB410076-9201-4651-9CBD-777E88FB2D9A}.Release|Any CPU.Build.0 = Release|Any CPU
		{DEB01303-4B90-4E66-BF51-761B1ED29C4F}.Debug|Any CPU.ActiveCfg = Debug|Any CPU
		{DEB01303-4B90-4E66-BF51-761B1ED29C4F}.Debug|Any CPU.Build.0 = Debug|Any CPU
		{DEB01303-4B90-4E66-BF51-761B1ED29C4F}.Release|Any CPU.ActiveCfg = Release|Any CPU
		{DEB01303-4B90-4E66-BF51-761B1ED29C4F}.Release|Any CPU.Build.0 = Release|Any CPU
	EndGlobalSection
	GlobalSection(SolutionProperties) = preSolution
		HideSolutionNode = FALSE
	EndGlobalSection
EndGlobal
